dependencies:
- name: ingress-nginx
  repository: https://kubernetes.github.io/ingress-nginx
  version: 3.29.0
- name: air-ui-oss
  repository: file://../air-ui-oss
  version: 0.1.0
- name: mosquitto
  repository: https://storage.googleapis.com/t3n-helm-charts
  version: 2.3.0
- name: dgraph
  repository: https://charts.dgraph.io
  version: 0.0.17
- name: dgraph-loader
  repository: file://../dgraph-loader
  version: 0.0.1
- name: air-data-mqtt-dgraph
  repository: file://../air-data-mqtt-dgraph
  version: 0.1.0
- name: air-metadata-mqtt-dgraph
  repository: file://../air-metadata-mqtt-dgraph
  version: 0.1.0
- name: air-notification-mqtt-dgraph
  repository: file://../air-notification-mqtt-dgraph
  version: 0.1.0
digest: sha256:b8bcb0d7704677a8282d8bdde61e98a771f03bfc59759694e9d338e38b1e1975
generated: "2021-08-04T20:03:02.927967-07:00"
